
Microsoft Visual Studio Solution File, Format Version 12.00
# Visual Studio Version 17
VisualStudioVersion = 17.12.35527.113 d17.12
MinimumVisualStudioVersion = 10.0.40219.1
Project("{FAE04EC0-301F-11D3-BF4B-00C04F79EFBC}") = "Task1", "Task1\Task1.csproj", "{F3DB2ED0-3BEC-4882-992A-D27329C94913}"
EndProject
Project("{FAE04EC0-301F-11D3-BF4B-00C04F79EFBC}") = "Task2", "Task2\Task2.csproj", "{75A9F9DB-B775-4F45-AD84-1A622037143A}"
EndProject
Project("{FAE04EC0-301F-11D3-BF4B-00C04F79EFBC}") = "Task3", "Task3\Task3.csproj", "{5830D98D-589D-4D7A-ADDE-D60376B3AF93}"
EndProject
Global
	GlobalSection(SolutionConfigurationPlatforms) = preSolution
		Debug|Any CPU = Debug|Any CPU
		Release|Any CPU = Release|Any CPU
	EndGlobalSection
	GlobalSection(ProjectConfigurationPlatforms) = postSolution
		{F3DB2ED0-3BEC-4882-992A-D27329C94913}.Debug|Any CPU.ActiveCfg = Debug|Any CPU
		{F3DB2ED0-3BEC-4882-992A-D27329C94913}.Debug|Any CPU.Build.0 = Debug|Any CPU
		{F3DB2ED0-3BEC-4882-992A-D27329C94913}.Release|Any CPU.ActiveCfg = Release|Any CPU
		{F3DB2ED0-3BEC-4882-992A-D27329C94913}.Release|Any CPU.Build.0 = Release|Any CPU
		{75A9F9DB-B775-4F45-AD84-1A622037143A}.Debug|Any CPU.ActiveCfg = Debug|Any CPU
		{75A9F9DB-B775-4F45-AD84-1A622037143A}.Debug|Any CPU.Build.0 = Debug|Any CPU
		{75A9F9DB-B775-4F45-AD84-1A622037143A}.Release|Any CPU.ActiveCfg = Release|Any CPU
		{75A9F9DB-B775-4F45-AD84-1A622037143A}.Release|Any CPU.Build.0 = Release|Any CPU
		{5830D98D-589D-4D7A-ADDE-D60376B3AF93}.Debug|Any CPU.ActiveCfg = Debug|Any CPU
		{5830D98D-589D-4D7A-ADDE-D60376B3AF93}.Debug|Any CPU.Build.0 = Debug|Any CPU
		{5830D98D-589D-4D7A-ADDE-D60376B3AF93}.Release|Any CPU.ActiveCfg = Release|Any CPU
		{5830D98D-589D-4D7A-ADDE-D60376B3AF93}.Release|Any CPU.Build.0 = Release|Any CPU
	EndGlobalSection
	GlobalSection(SolutionProperties) = preSolution
		HideSolutionNode = FALSE
	EndGlobalSection
EndGlobal
