
Microsoft Visual Studio Solution File, Format Version 12.00
# Visual Studio Version 17
VisualStudioVersion = 17.11.35327.3
MinimumVisualStudioVersion = 10.0.40219.1
Project("{FAE04EC0-301F-11D3-BF4B-00C04F79EFBC}") = "Task1", "Task1\Task1.csproj", "{86A73BBD-7B8D-434C-9A4B-60AFA164A76A}"
EndProject
Project("{FAE04EC0-301F-11D3-BF4B-00C04F79EFBC}") = "Task2", "Task2\Task2.csproj", "{8615A710-26C4-4BE3-B7B9-43236D40A7F8}"
EndProject
Project("{9A19103F-16F7-4668-BE54-9A1E7A4F7556}") = "Task3", "Task3\Task3.csproj", "{C191641C-EF8C-486E-A2F0-5E9C9A39BD36}"
EndProject
Project("{FAE04EC0-301F-11D3-BF4B-00C04F79EFBC}") = "Task4", "Task4\Task4.csproj", "{47B066FF-B2F0-44DA-9531-AFA981CB51A1}"
EndProject
Project("{FAE04EC0-301F-11D3-BF4B-00C04F79EFBC}") = "Task5", "Task5\Task5.csproj", "{A4E36350-AE40-4977-911B-F1B409DD7C93}"
EndProject
Global
	GlobalSection(SolutionConfigurationPlatforms) = preSolution
		Debug|Any CPU = Debug|Any CPU
		Release|Any CPU = Release|Any CPU
	EndGlobalSection
	GlobalSection(ProjectConfigurationPlatforms) = postSolution
		{86A73BBD-7B8D-434C-9A4B-60AFA164A76A}.Debug|Any CPU.ActiveCfg = Debug|Any CPU
		{86A73BBD-7B8D-434C-9A4B-60AFA164A76A}.Debug|Any CPU.Build.0 = Debug|Any CPU
		{86A73BBD-7B8D-434C-9A4B-60AFA164A76A}.Release|Any CPU.ActiveCfg = Release|Any CPU
		{86A73BBD-7B8D-434C-9A4B-60AFA164A76A}.Release|Any CPU.Build.0 = Release|Any CPU
		{8615A710-26C4-4BE3-B7B9-43236D40A7F8}.Debug|Any CPU.ActiveCfg = Debug|Any CPU
		{8615A710-26C4-4BE3-B7B9-43236D40A7F8}.Debug|Any CPU.Build.0 = Debug|Any CPU
		{8615A710-26C4-4BE3-B7B9-43236D40A7F8}.Release|Any CPU.ActiveCfg = Release|Any CPU
		{8615A710-26C4-4BE3-B7B9-43236D40A7F8}.Release|Any CPU.Build.0 = Release|Any CPU
		{C191641C-EF8C-486E-A2F0-5E9C9A39BD36}.Debug|Any CPU.ActiveCfg = Debug|Any CPU
		{C191641C-EF8C-486E-A2F0-5E9C9A39BD36}.Debug|Any CPU.Build.0 = Debug|Any CPU
		{C191641C-EF8C-486E-A2F0-5E9C9A39BD36}.Release|Any CPU.ActiveCfg = Release|Any CPU
		{C191641C-EF8C-486E-A2F0-5E9C9A39BD36}.Release|Any CPU.Build.0 = Release|Any CPU
		{47B066FF-B2F0-44DA-9531-AFA981CB51A1}.Debug|Any CPU.ActiveCfg = Debug|Any CPU
		{47B066FF-B2F0-44DA-9531-AFA981CB51A1}.Debug|Any CPU.Build.0 = Debug|Any CPU
		{47B066FF-B2F0-44DA-9531-AFA981CB51A1}.Release|Any CPU.ActiveCfg = Release|Any CPU
		{47B066FF-B2F0-44DA-9531-AFA981CB51A1}.Release|Any CPU.Build.0 = Release|Any CPU
		{A4E36350-AE40-4977-911B-F1B409DD7C93}.Debug|Any CPU.ActiveCfg = Debug|Any CPU
		{A4E36350-AE40-4977-911B-F1B409DD7C93}.Debug|Any CPU.Build.0 = Debug|Any CPU
		{A4E36350-AE40-4977-911B-F1B409DD7C93}.Release|Any CPU.ActiveCfg = Release|Any CPU
		{A4E36350-AE40-4977-911B-F1B409DD7C93}.Release|Any CPU.Build.0 = Release|Any CPU
	EndGlobalSection
	GlobalSection(SolutionProperties) = preSolution
		HideSolutionNode = FALSE
	EndGlobalSection
	GlobalSection(ExtensibilityGlobals) = postSolution
		SolutionGuid = {0A279DFB-9D12-4F12-B39A-CDD0A3916831}
	EndGlobalSection
EndGlobal
