
Microsoft Visual Studio Solution File, Format Version 12.00
# Visual Studio Version 17
VisualStudioVersion = 17.11.35327.3
MinimumVisualStudioVersion = 10.0.40219.1
Project("{9A19103F-16F7-4668-BE54-9A1E7A4F7556}") = "ApiServices", "APIServices\ApiServices.csproj", "{31AE76E5-B139-4F4F-A227-463919D18E0A}"
EndProject
Project("{9A19103F-16F7-4668-BE54-9A1E7A4F7556}") = "DataBaseLibrary", "..\LabWork47\DataBaseLibrary\DataBaseLibrary.csproj", "{12CB0633-A407-447F-BA47-C388CBC9E5AF}"
EndProject
Project("{9A19103F-16F7-4668-BE54-9A1E7A4F7556}") = "TestConsoleApp", "TestConsoleApp\TestConsoleApp.csproj", "{4375008D-07C7-4563-BAB6-A720ADB1808F}"
EndProject
Project("{9A19103F-16F7-4668-BE54-9A1E7A4F7556}") = "WebApp", "WepApp\WebApp.csproj", "{F2057E0B-0197-416C-BF17-27307510D4C6}"
EndProject
Project("{9A19103F-16F7-4668-BE54-9A1E7A4F7556}") = "WebAPI", "..\LabWork47\WpeAPI\WebAPI.csproj", "{86EBC619-9F84-40CD-B67E-276719A1B169}"
EndProject
Global
	GlobalSection(SolutionConfigurationPlatforms) = preSolution
		Debug|Any CPU = Debug|Any CPU
		Release|Any CPU = Release|Any CPU
	EndGlobalSection
	GlobalSection(ProjectConfigurationPlatforms) = postSolution
		{31AE76E5-B139-4F4F-A227-463919D18E0A}.Debug|Any CPU.ActiveCfg = Debug|Any CPU
		{31AE76E5-B139-4F4F-A227-463919D18E0A}.Debug|Any CPU.Build.0 = Debug|Any CPU
		{31AE76E5-B139-4F4F-A227-463919D18E0A}.Release|Any CPU.ActiveCfg = Release|Any CPU
		{31AE76E5-B139-4F4F-A227-463919D18E0A}.Release|Any CPU.Build.0 = Release|Any CPU
		{12CB0633-A407-447F-BA47-C388CBC9E5AF}.Debug|Any CPU.ActiveCfg = Debug|Any CPU
		{12CB0633-A407-447F-BA47-C388CBC9E5AF}.Debug|Any CPU.Build.0 = Debug|Any CPU
		{12CB0633-A407-447F-BA47-C388CBC9E5AF}.Release|Any CPU.ActiveCfg = Release|Any CPU
		{12CB0633-A407-447F-BA47-C388CBC9E5AF}.Release|Any CPU.Build.0 = Release|Any CPU
		{4375008D-07C7-4563-BAB6-A720ADB1808F}.Debug|Any CPU.ActiveCfg = Debug|Any CPU
		{4375008D-07C7-4563-BAB6-A720ADB1808F}.Debug|Any CPU.Build.0 = Debug|Any CPU
		{4375008D-07C7-4563-BAB6-A720ADB1808F}.Release|Any CPU.ActiveCfg = Release|Any CPU
		{4375008D-07C7-4563-BAB6-A720ADB1808F}.Release|Any CPU.Build.0 = Release|Any CPU
		{F2057E0B-0197-416C-BF17-27307510D4C6}.Debug|Any CPU.ActiveCfg = Debug|Any CPU
		{F2057E0B-0197-416C-BF17-27307510D4C6}.Debug|Any CPU.Build.0 = Debug|Any CPU
		{F2057E0B-0197-416C-BF17-27307510D4C6}.Release|Any CPU.ActiveCfg = Release|Any CPU
		{F2057E0B-0197-416C-BF17-27307510D4C6}.Release|Any CPU.Build.0 = Release|Any CPU
		{86EBC619-9F84-40CD-B67E-276719A1B169}.Debug|Any CPU.ActiveCfg = Debug|Any CPU
		{86EBC619-9F84-40CD-B67E-276719A1B169}.Debug|Any CPU.Build.0 = Debug|Any CPU
		{86EBC619-9F84-40CD-B67E-276719A1B169}.Release|Any CPU.ActiveCfg = Release|Any CPU
		{86EBC619-9F84-40CD-B67E-276719A1B169}.Release|Any CPU.Build.0 = Release|Any CPU
	EndGlobalSection
	GlobalSection(SolutionProperties) = preSolution
		HideSolutionNode = FALSE
	EndGlobalSection
	GlobalSection(ExtensibilityGlobals) = postSolution
		SolutionGuid = {86FDAF95-72C3-4F35-88C4-C8C536CC645C}
	EndGlobalSection
EndGlobal
