
Microsoft Visual Studio Solution File, Format Version 12.00
# Visual Studio Version 17
VisualStudioVersion = 17.11.35327.3
MinimumVisualStudioVersion = 10.0.40219.1
Project("{FAE04EC0-301F-11D3-BF4B-00C04F79EFBC}") = "Task1", "Task1\Task1.csproj", "{2EB944A8-D8DE-457F-AB3E-3AD1C192BB24}"
EndProject
Project("{FAE04EC0-301F-11D3-BF4B-00C04F79EFBC}") = "Task2", "Task2\Task2.csproj", "{A0EAD25F-6FA2-4A45-9277-02B8E348B8E4}"
EndProject
Global
	GlobalSection(SolutionConfigurationPlatforms) = preSolution
		Debug|Any CPU = Debug|Any CPU
		Release|Any CPU = Release|Any CPU
	EndGlobalSection
	GlobalSection(ProjectConfigurationPlatforms) = postSolution
		{2EB944A8-D8DE-457F-AB3E-3AD1C192BB24}.Debug|Any CPU.ActiveCfg = Debug|Any CPU
		{2EB944A8-D8DE-457F-AB3E-3AD1C192BB24}.Debug|Any CPU.Build.0 = Debug|Any CPU
		{2EB944A8-D8DE-457F-AB3E-3AD1C192BB24}.Release|Any CPU.ActiveCfg = Release|Any CPU
		{2EB944A8-D8DE-457F-AB3E-3AD1C192BB24}.Release|Any CPU.Build.0 = Release|Any CPU
		{A0EAD25F-6FA2-4A45-9277-02B8E348B8E4}.Debug|Any CPU.ActiveCfg = Debug|Any CPU
		{A0EAD25F-6FA2-4A45-9277-02B8E348B8E4}.Debug|Any CPU.Build.0 = Debug|Any CPU
		{A0EAD25F-6FA2-4A45-9277-02B8E348B8E4}.Release|Any CPU.ActiveCfg = Release|Any CPU
		{A0EAD25F-6FA2-4A45-9277-02B8E348B8E4}.Release|Any CPU.Build.0 = Release|Any CPU
	EndGlobalSection
	GlobalSection(SolutionProperties) = preSolution
		HideSolutionNode = FALSE
	EndGlobalSection
	GlobalSection(ExtensibilityGlobals) = postSolution
		SolutionGuid = {7A0931E4-17A6-40A9-BCFF-E039652D23D7}
	EndGlobalSection
EndGlobal
