
Microsoft Visual Studio Solution File, Format Version 12.00
# Visual Studio Version 17
VisualStudioVersion = 17.11.35327.3
MinimumVisualStudioVersion = 10.0.40219.1
Project("{FAE04EC0-301F-11D3-BF4B-00C04F79EFBC}") = "Task12", "Task\Task12.csproj", "{457245CF-89BC-45CC-BC3A-5AFFFD705190}"
EndProject
Project("{FAE04EC0-301F-11D3-BF4B-00C04F79EFBC}") = "Task3", "Task3\Task3.csproj", "{45F44FC5-7FA7-4207-9F52-001C68421242}"
EndProject
Project("{FAE04EC0-301F-11D3-BF4B-00C04F79EFBC}") = "Task4", "Task4\Task4.csproj", "{390B77E5-F7ED-4696-8D92-FF5831E93802}"
EndProject
Global
	GlobalSection(SolutionConfigurationPlatforms) = preSolution
		Debug|Any CPU = Debug|Any CPU
		Release|Any CPU = Release|Any CPU
	EndGlobalSection
	GlobalSection(ProjectConfigurationPlatforms) = postSolution
		{457245CF-89BC-45CC-BC3A-5AFFFD705190}.Debug|Any CPU.ActiveCfg = Debug|Any CPU
		{457245CF-89BC-45CC-BC3A-5AFFFD705190}.Debug|Any CPU.Build.0 = Debug|Any CPU
		{457245CF-89BC-45CC-BC3A-5AFFFD705190}.Release|Any CPU.ActiveCfg = Release|Any CPU
		{457245CF-89BC-45CC-BC3A-5AFFFD705190}.Release|Any CPU.Build.0 = Release|Any CPU
		{45F44FC5-7FA7-4207-9F52-001C68421242}.Debug|Any CPU.ActiveCfg = Debug|Any CPU
		{45F44FC5-7FA7-4207-9F52-001C68421242}.Debug|Any CPU.Build.0 = Debug|Any CPU
		{45F44FC5-7FA7-4207-9F52-001C68421242}.Release|Any CPU.ActiveCfg = Release|Any CPU
		{45F44FC5-7FA7-4207-9F52-001C68421242}.Release|Any CPU.Build.0 = Release|Any CPU
		{390B77E5-F7ED-4696-8D92-FF5831E93802}.Debug|Any CPU.ActiveCfg = Debug|Any CPU
		{390B77E5-F7ED-4696-8D92-FF5831E93802}.Debug|Any CPU.Build.0 = Debug|Any CPU
		{390B77E5-F7ED-4696-8D92-FF5831E93802}.Release|Any CPU.ActiveCfg = Release|Any CPU
		{390B77E5-F7ED-4696-8D92-FF5831E93802}.Release|Any CPU.Build.0 = Release|Any CPU
	EndGlobalSection
	GlobalSection(SolutionProperties) = preSolution
		HideSolutionNode = FALSE
	EndGlobalSection
	GlobalSection(ExtensibilityGlobals) = postSolution
		SolutionGuid = {ABD749C6-4148-4D9C-B483-2966E4ABE9C0}
	EndGlobalSection
EndGlobal
