
Microsoft Visual Studio Solution File, Format Version 12.00
# Visual Studio Version 17
VisualStudioVersion = 17.11.35327.3
MinimumVisualStudioVersion = 10.0.40219.1
Project("{9A19103F-16F7-4668-BE54-9A1E7A4F7556}") = "Task1", "Task1\Task1.csproj", "{544D6D2C-3C26-4282-9F16-5D9F43741C5D}"
EndProject
Project("{9A19103F-16F7-4668-BE54-9A1E7A4F7556}") = "Task2", "Task2\Task2.csproj", "{F4893722-3770-4D01-90BD-3AABBCF7FADD}"
EndProject
Project("{FAE04EC0-301F-11D3-BF4B-00C04F79EFBC}") = "Task3", "Task3\Task3.csproj", "{732DB67B-F3C0-4D21-A4F2-4080ABC318D7}"
EndProject
Global
	GlobalSection(SolutionConfigurationPlatforms) = preSolution
		Debug|Any CPU = Debug|Any CPU
		Release|Any CPU = Release|Any CPU
	EndGlobalSection
	GlobalSection(ProjectConfigurationPlatforms) = postSolution
		{544D6D2C-3C26-4282-9F16-5D9F43741C5D}.Debug|Any CPU.ActiveCfg = Debug|Any CPU
		{544D6D2C-3C26-4282-9F16-5D9F43741C5D}.Debug|Any CPU.Build.0 = Debug|Any CPU
		{544D6D2C-3C26-4282-9F16-5D9F43741C5D}.Release|Any CPU.ActiveCfg = Release|Any CPU
		{544D6D2C-3C26-4282-9F16-5D9F43741C5D}.Release|Any CPU.Build.0 = Release|Any CPU
		{F4893722-3770-4D01-90BD-3AABBCF7FADD}.Debug|Any CPU.ActiveCfg = Debug|Any CPU
		{F4893722-3770-4D01-90BD-3AABBCF7FADD}.Debug|Any CPU.Build.0 = Debug|Any CPU
		{F4893722-3770-4D01-90BD-3AABBCF7FADD}.Release|Any CPU.ActiveCfg = Release|Any CPU
		{F4893722-3770-4D01-90BD-3AABBCF7FADD}.Release|Any CPU.Build.0 = Release|Any CPU
		{732DB67B-F3C0-4D21-A4F2-4080ABC318D7}.Debug|Any CPU.ActiveCfg = Debug|Any CPU
		{732DB67B-F3C0-4D21-A4F2-4080ABC318D7}.Debug|Any CPU.Build.0 = Debug|Any CPU
		{732DB67B-F3C0-4D21-A4F2-4080ABC318D7}.Release|Any CPU.ActiveCfg = Release|Any CPU
		{732DB67B-F3C0-4D21-A4F2-4080ABC318D7}.Release|Any CPU.Build.0 = Release|Any CPU
	EndGlobalSection
	GlobalSection(SolutionProperties) = preSolution
		HideSolutionNode = FALSE
	EndGlobalSection
	GlobalSection(ExtensibilityGlobals) = postSolution
		SolutionGuid = {09D3AC42-BD66-49F3-B055-0BD3BBA798C2}
	EndGlobalSection
EndGlobal
