
Microsoft Visual Studio Solution File, Format Version 12.00
# Visual Studio Version 17
VisualStudioVersion = 17.12.35527.113 d17.12
MinimumVisualStudioVersion = 10.0.40219.1
Project("{FAE04EC0-301F-11D3-BF4B-00C04F79EFBC}") = "Lection0318", "Lection0318\Lection0318.csproj", "{BEF55311-1BF9-4207-9B09-CD0D591DA644}"
EndProject
Global
	GlobalSection(SolutionConfigurationPlatforms) = preSolution
		Debug|Any CPU = Debug|Any CPU
		Release|Any CPU = Release|Any CPU
	EndGlobalSection
	GlobalSection(ProjectConfigurationPlatforms) = postSolution
		{BEF55311-1BF9-4207-9B09-CD0D591DA644}.Debug|Any CPU.ActiveCfg = Debug|Any CPU
		{BEF55311-1BF9-4207-9B09-CD0D591DA644}.Debug|Any CPU.Build.0 = Debug|Any CPU
		{BEF55311-1BF9-4207-9B09-CD0D591DA644}.Release|Any CPU.ActiveCfg = Release|Any CPU
		{BEF55311-1BF9-4207-9B09-CD0D591DA644}.Release|Any CPU.Build.0 = Release|Any CPU
	EndGlobalSection
	GlobalSection(SolutionProperties) = preSolution
		HideSolutionNode = FALSE
	EndGlobalSection
EndGlobal
