
Microsoft Visual Studio Solution File, Format Version 12.00
# Visual Studio Version 17
VisualStudioVersion = 17.12.35527.113
MinimumVisualStudioVersion = 10.0.40219.1
Project("{FAE04EC0-301F-11D3-BF4B-00C04F79EFBC}") = "LabWork23", "LabWork23\LabWork23.csproj", "{1E8975AF-14CA-4CB8-89E1-6AE42BB29F38}"
EndProject
Global
	GlobalSection(SolutionConfigurationPlatforms) = preSolution
		Debug|Any CPU = Debug|Any CPU
		Release|Any CPU = Release|Any CPU
	EndGlobalSection
	GlobalSection(ProjectConfigurationPlatforms) = postSolution
		{1E8975AF-14CA-4CB8-89E1-6AE42BB29F38}.Debug|Any CPU.ActiveCfg = Debug|Any CPU
		{1E8975AF-14CA-4CB8-89E1-6AE42BB29F38}.Debug|Any CPU.Build.0 = Debug|Any CPU
		{1E8975AF-14CA-4CB8-89E1-6AE42BB29F38}.Release|Any CPU.ActiveCfg = Release|Any CPU
		{1E8975AF-14CA-4CB8-89E1-6AE42BB29F38}.Release|Any CPU.Build.0 = Release|Any CPU
	EndGlobalSection
	GlobalSection(SolutionProperties) = preSolution
		HideSolutionNode = FALSE
	EndGlobalSection
EndGlobal
