
Microsoft Visual Studio Solution File, Format Version 12.00
# Visual Studio Version 17
VisualStudioVersion = 17.12.35527.113
MinimumVisualStudioVersion = 10.0.40219.1
Project("{FAE04EC0-301F-11D3-BF4B-00C04F79EFBC}") = "Lection0116", "Lection0116\Lection0116.csproj", "{17DD2574-26FE-4AE9-8849-7F07E85859C7}"
EndProject
Project("{FAE04EC0-301F-11D3-BF4B-00C04F79EFBC}") = "Lection0116Tests", "Lection0116Tests\Lection0116Tests.csproj", "{E19B6C72-3232-4F3F-B15C-EF04F8AAAD9B}"
EndProject
Project("{FAE04EC0-301F-11D3-BF4B-00C04F79EFBC}") = "Lection0117", "Lection0117\Lection0117.csproj", "{3F31CE4C-FB39-4F8D-8B43-16FD66E138B7}"
EndProject
Project("{FAE04EC0-301F-11D3-BF4B-00C04F79EFBC}") = "Lection0125", "Lection0125\Lection0125.csproj", "{0463BE7D-C616-409A-81A2-E4588F9259DF}"
EndProject
Project("{FAE04EC0-301F-11D3-BF4B-00C04F79EFBC}") = "Lection0128", "Lection0128\Lection0128.csproj", "{6BECD1A7-9EF9-4CE9-8C70-3D618B6C5163}"
EndProject
Project("{FAE04EC0-301F-11D3-BF4B-00C04F79EFBC}") = "Lection0130", "Lection0130\Lection0130.csproj", "{33D1A1C3-6AFE-4C4C-98B2-CC0B19A70C43}"
EndProject
Project("{FAE04EC0-301F-11D3-BF4B-00C04F79EFBC}") = "Lection0131", "Lection0131\Lection0131.csproj", "{CED287ED-8FEC-4D9A-8CB9-5DAE002CD7FC}"
EndProject
Project("{FAE04EC0-301F-11D3-BF4B-00C04F79EFBC}") = "Lection0203", "Lection0203\Lection0203.csproj", "{AF06A6F2-1128-4721-8920-A1E8358BCBB0}"
EndProject
Project("{FAE04EC0-301F-11D3-BF4B-00C04F79EFBC}") = "Lection0208_1", "Lection0208\Lection0208_1.csproj", "{5B76AA4C-EA8A-4B75-AC20-959AC6ADFD7A}"
EndProject
Project("{FAE04EC0-301F-11D3-BF4B-00C04F79EFBC}") = "Lection0208_2", "Lection0208_2\Lection0208_2.csproj", "{622BB007-B12E-4BAB-AEE9-6D6FF65F7D1B}"
EndProject
Project("{FAE04EC0-301F-11D3-BF4B-00C04F79EFBC}") = "Lection0227_1", "Lection0227\Lection0227_1.csproj", "{AD2C9DB2-BD71-47EC-8C58-2466257E648B}"
EndProject
Project("{FAE04EC0-301F-11D3-BF4B-00C04F79EFBC}") = "Lection0227_2", "Lection0227_2\Lection0227_2.csproj", "{3ECDD3D9-B0F5-4562-866D-4B7F7948F252}"
EndProject
Project("{FAE04EC0-301F-11D3-BF4B-00C04F79EFBC}") = "Lection0303", "Lection0303\Lection0303.csproj", "{2ED37B31-2101-4B80-9C03-44B088E8F0AF}"
EndProject
Project("{FAE04EC0-301F-11D3-BF4B-00C04F79EFBC}") = "Lection0304", "Lection0304\Lection0304.csproj", "{4327A492-F7CD-49F8-9A13-BB27D79E53E9}"
EndProject
Global
	GlobalSection(SolutionConfigurationPlatforms) = preSolution
		Debug|Any CPU = Debug|Any CPU
		Release|Any CPU = Release|Any CPU
	EndGlobalSection
	GlobalSection(ProjectConfigurationPlatforms) = postSolution
		{17DD2574-26FE-4AE9-8849-7F07E85859C7}.Debug|Any CPU.ActiveCfg = Debug|Any CPU
		{17DD2574-26FE-4AE9-8849-7F07E85859C7}.Debug|Any CPU.Build.0 = Debug|Any CPU
		{17DD2574-26FE-4AE9-8849-7F07E85859C7}.Release|Any CPU.ActiveCfg = Release|Any CPU
		{17DD2574-26FE-4AE9-8849-7F07E85859C7}.Release|Any CPU.Build.0 = Release|Any CPU
		{E19B6C72-3232-4F3F-B15C-EF04F8AAAD9B}.Debug|Any CPU.ActiveCfg = Debug|Any CPU
		{E19B6C72-3232-4F3F-B15C-EF04F8AAAD9B}.Debug|Any CPU.Build.0 = Debug|Any CPU
		{E19B6C72-3232-4F3F-B15C-EF04F8AAAD9B}.Release|Any CPU.ActiveCfg = Release|Any CPU
		{E19B6C72-3232-4F3F-B15C-EF04F8AAAD9B}.Release|Any CPU.Build.0 = Release|Any CPU
		{3F31CE4C-FB39-4F8D-8B43-16FD66E138B7}.Debug|Any CPU.ActiveCfg = Debug|Any CPU
		{3F31CE4C-FB39-4F8D-8B43-16FD66E138B7}.Debug|Any CPU.Build.0 = Debug|Any CPU
		{3F31CE4C-FB39-4F8D-8B43-16FD66E138B7}.Release|Any CPU.ActiveCfg = Release|Any CPU
		{3F31CE4C-FB39-4F8D-8B43-16FD66E138B7}.Release|Any CPU.Build.0 = Release|Any CPU
		{0463BE7D-C616-409A-81A2-E4588F9259DF}.Debug|Any CPU.ActiveCfg = Debug|Any CPU
		{0463BE7D-C616-409A-81A2-E4588F9259DF}.Debug|Any CPU.Build.0 = Debug|Any CPU
		{0463BE7D-C616-409A-81A2-E4588F9259DF}.Release|Any CPU.ActiveCfg = Release|Any CPU
		{0463BE7D-C616-409A-81A2-E4588F9259DF}.Release|Any CPU.Build.0 = Release|Any CPU
		{6BECD1A7-9EF9-4CE9-8C70-3D618B6C5163}.Debug|Any CPU.ActiveCfg = Debug|Any CPU
		{6BECD1A7-9EF9-4CE9-8C70-3D618B6C5163}.Debug|Any CPU.Build.0 = Debug|Any CPU
		{6BECD1A7-9EF9-4CE9-8C70-3D618B6C5163}.Release|Any CPU.ActiveCfg = Release|Any CPU
		{6BECD1A7-9EF9-4CE9-8C70-3D618B6C5163}.Release|Any CPU.Build.0 = Release|Any CPU
		{33D1A1C3-6AFE-4C4C-98B2-CC0B19A70C43}.Debug|Any CPU.ActiveCfg = Debug|Any CPU
		{33D1A1C3-6AFE-4C4C-98B2-CC0B19A70C43}.Debug|Any CPU.Build.0 = Debug|Any CPU
		{33D1A1C3-6AFE-4C4C-98B2-CC0B19A70C43}.Release|Any CPU.ActiveCfg = Release|Any CPU
		{33D1A1C3-6AFE-4C4C-98B2-CC0B19A70C43}.Release|Any CPU.Build.0 = Release|Any CPU
		{CED287ED-8FEC-4D9A-8CB9-5DAE002CD7FC}.Debug|Any CPU.ActiveCfg = Debug|Any CPU
		{CED287ED-8FEC-4D9A-8CB9-5DAE002CD7FC}.Debug|Any CPU.Build.0 = Debug|Any CPU
		{CED287ED-8FEC-4D9A-8CB9-5DAE002CD7FC}.Release|Any CPU.ActiveCfg = Release|Any CPU
		{CED287ED-8FEC-4D9A-8CB9-5DAE002CD7FC}.Release|Any CPU.Build.0 = Release|Any CPU
		{AF06A6F2-1128-4721-8920-A1E8358BCBB0}.Debug|Any CPU.ActiveCfg = Debug|Any CPU
		{AF06A6F2-1128-4721-8920-A1E8358BCBB0}.Debug|Any CPU.Build.0 = Debug|Any CPU
		{AF06A6F2-1128-4721-8920-A1E8358BCBB0}.Release|Any CPU.ActiveCfg = Release|Any CPU
		{AF06A6F2-1128-4721-8920-A1E8358BCBB0}.Release|Any CPU.Build.0 = Release|Any CPU
		{5B76AA4C-EA8A-4B75-AC20-959AC6ADFD7A}.Debug|Any CPU.ActiveCfg = Debug|Any CPU
		{5B76AA4C-EA8A-4B75-AC20-959AC6ADFD7A}.Debug|Any CPU.Build.0 = Debug|Any CPU
		{5B76AA4C-EA8A-4B75-AC20-959AC6ADFD7A}.Release|Any CPU.ActiveCfg = Release|Any CPU
		{5B76AA4C-EA8A-4B75-AC20-959AC6ADFD7A}.Release|Any CPU.Build.0 = Release|Any CPU
		{622BB007-B12E-4BAB-AEE9-6D6FF65F7D1B}.Debug|Any CPU.ActiveCfg = Debug|Any CPU
		{622BB007-B12E-4BAB-AEE9-6D6FF65F7D1B}.Debug|Any CPU.Build.0 = Debug|Any CPU
		{622BB007-B12E-4BAB-AEE9-6D6FF65F7D1B}.Release|Any CPU.ActiveCfg = Release|Any CPU
		{622BB007-B12E-4BAB-AEE9-6D6FF65F7D1B}.Release|Any CPU.Build.0 = Release|Any CPU
		{AD2C9DB2-BD71-47EC-8C58-2466257E648B}.Debug|Any CPU.ActiveCfg = Debug|Any CPU
		{AD2C9DB2-BD71-47EC-8C58-2466257E648B}.Debug|Any CPU.Build.0 = Debug|Any CPU
		{AD2C9DB2-BD71-47EC-8C58-2466257E648B}.Release|Any CPU.ActiveCfg = Release|Any CPU
		{AD2C9DB2-BD71-47EC-8C58-2466257E648B}.Release|Any CPU.Build.0 = Release|Any CPU
		{3ECDD3D9-B0F5-4562-866D-4B7F7948F252}.Debug|Any CPU.ActiveCfg = Debug|Any CPU
		{3ECDD3D9-B0F5-4562-866D-4B7F7948F252}.Debug|Any CPU.Build.0 = Debug|Any CPU
		{3ECDD3D9-B0F5-4562-866D-4B7F7948F252}.Release|Any CPU.ActiveCfg = Release|Any CPU
		{3ECDD3D9-B0F5-4562-866D-4B7F7948F252}.Release|Any CPU.Build.0 = Release|Any CPU
		{2ED37B31-2101-4B80-9C03-44B088E8F0AF}.Debug|Any CPU.ActiveCfg = Debug|Any CPU
		{2ED37B31-2101-4B80-9C03-44B088E8F0AF}.Debug|Any CPU.Build.0 = Debug|Any CPU
		{2ED37B31-2101-4B80-9C03-44B088E8F0AF}.Release|Any CPU.ActiveCfg = Release|Any CPU
		{2ED37B31-2101-4B80-9C03-44B088E8F0AF}.Release|Any CPU.Build.0 = Release|Any CPU
		{4327A492-F7CD-49F8-9A13-BB27D79E53E9}.Debug|Any CPU.ActiveCfg = Debug|Any CPU
		{4327A492-F7CD-49F8-9A13-BB27D79E53E9}.Debug|Any CPU.Build.0 = Debug|Any CPU
		{4327A492-F7CD-49F8-9A13-BB27D79E53E9}.Release|Any CPU.ActiveCfg = Release|Any CPU
		{4327A492-F7CD-49F8-9A13-BB27D79E53E9}.Release|Any CPU.Build.0 = Release|Any CPU
	EndGlobalSection
	GlobalSection(SolutionProperties) = preSolution
		HideSolutionNode = FALSE
	EndGlobalSection
EndGlobal
