
Microsoft Visual Studio Solution File, Format Version 12.00
# Visual Studio Version 17
VisualStudioVersion = 17.12.35527.113
MinimumVisualStudioVersion = 10.0.40219.1
Project("{FAE04EC0-301F-11D3-BF4B-00C04F79EFBC}") = "Task1", "Task1.csproj", "{7C13B008-F234-4F3A-921F-45CDA71C5B18}"
EndProject
Project("{FAE04EC0-301F-11D3-BF4B-00C04F79EFBC}") = "Task2", "..\Task2\Task2.csproj", "{AA519A82-24F7-48D8-AD90-E76C24BFA060}"
EndProject
Project("{FAE04EC0-301F-11D3-BF4B-00C04F79EFBC}") = "Task3", "..\Task3\Task3.csproj", "{AB8025D3-4E08-4A75-AB02-0459767B3806}"
EndProject
Project("{FAE04EC0-301F-11D3-BF4B-00C04F79EFBC}") = "Task5", "..\Task5\Task5.csproj", "{E6538891-CFD3-44BC-88D3-59F2DB8FCB8D}"
EndProject
Global
	GlobalSection(SolutionConfigurationPlatforms) = preSolution
		Debug|Any CPU = Debug|Any CPU
		Release|Any CPU = Release|Any CPU
	EndGlobalSection
	GlobalSection(ProjectConfigurationPlatforms) = postSolution
		{7C13B008-F234-4F3A-921F-45CDA71C5B18}.Debug|Any CPU.ActiveCfg = Debug|Any CPU
		{7C13B008-F234-4F3A-921F-45CDA71C5B18}.Debug|Any CPU.Build.0 = Debug|Any CPU
		{7C13B008-F234-4F3A-921F-45CDA71C5B18}.Release|Any CPU.ActiveCfg = Release|Any CPU
		{7C13B008-F234-4F3A-921F-45CDA71C5B18}.Release|Any CPU.Build.0 = Release|Any CPU
		{AA519A82-24F7-48D8-AD90-E76C24BFA060}.Debug|Any CPU.ActiveCfg = Debug|Any CPU
		{AA519A82-24F7-48D8-AD90-E76C24BFA060}.Debug|Any CPU.Build.0 = Debug|Any CPU
		{AA519A82-24F7-48D8-AD90-E76C24BFA060}.Release|Any CPU.ActiveCfg = Release|Any CPU
		{AA519A82-24F7-48D8-AD90-E76C24BFA060}.Release|Any CPU.Build.0 = Release|Any CPU
		{AB8025D3-4E08-4A75-AB02-0459767B3806}.Debug|Any CPU.ActiveCfg = Debug|Any CPU
		{AB8025D3-4E08-4A75-AB02-0459767B3806}.Debug|Any CPU.Build.0 = Debug|Any CPU
		{AB8025D3-4E08-4A75-AB02-0459767B3806}.Release|Any CPU.ActiveCfg = Release|Any CPU
		{AB8025D3-4E08-4A75-AB02-0459767B3806}.Release|Any CPU.Build.0 = Release|Any CPU
		{E6538891-CFD3-44BC-88D3-59F2DB8FCB8D}.Debug|Any CPU.ActiveCfg = Debug|Any CPU
		{E6538891-CFD3-44BC-88D3-59F2DB8FCB8D}.Debug|Any CPU.Build.0 = Debug|Any CPU
		{E6538891-CFD3-44BC-88D3-59F2DB8FCB8D}.Release|Any CPU.ActiveCfg = Release|Any CPU
		{E6538891-CFD3-44BC-88D3-59F2DB8FCB8D}.Release|Any CPU.Build.0 = Release|Any CPU
	EndGlobalSection
	GlobalSection(SolutionProperties) = preSolution
		HideSolutionNode = FALSE
	EndGlobalSection
EndGlobal
