
Microsoft Visual Studio Solution File, Format Version 12.00
# Visual Studio Version 17
VisualStudioVersion = 17.14.36109.1
MinimumVisualStudioVersion = 10.0.40219.1
Project("{FAE04EC0-301F-11D3-BF4B-00C04F79EFBC}") = "Task123", "Task1234\Task123.csproj", "{8412D62C-ECF2-4F0A-98AD-3529A19A4A87}"
EndProject
Project("{FAE04EC0-301F-11D3-BF4B-00C04F79EFBC}") = "Task4", "Task4\Task4.csproj", "{8DE074E1-C981-45EF-8125-4B1EAC1070CE}"
EndProject
Project("{FAE04EC0-301F-11D3-BF4B-00C04F79EFBC}") = "Task5", "Task5\Task5.csproj", "{E4028BAA-B17C-4B4B-97F5-62F148B34146}"
EndProject
Global
	GlobalSection(SolutionConfigurationPlatforms) = preSolution
		Debug|Any CPU = Debug|Any CPU
		Release|Any CPU = Release|Any CPU
	EndGlobalSection
	GlobalSection(ProjectConfigurationPlatforms) = postSolution
		{8412D62C-ECF2-4F0A-98AD-3529A19A4A87}.Debug|Any CPU.ActiveCfg = Debug|Any CPU
		{8412D62C-ECF2-4F0A-98AD-3529A19A4A87}.Debug|Any CPU.Build.0 = Debug|Any CPU
		{8412D62C-ECF2-4F0A-98AD-3529A19A4A87}.Release|Any CPU.ActiveCfg = Release|Any CPU
		{8412D62C-ECF2-4F0A-98AD-3529A19A4A87}.Release|Any CPU.Build.0 = Release|Any CPU
		{8DE074E1-C981-45EF-8125-4B1EAC1070CE}.Debug|Any CPU.ActiveCfg = Debug|Any CPU
		{8DE074E1-C981-45EF-8125-4B1EAC1070CE}.Debug|Any CPU.Build.0 = Debug|Any CPU
		{8DE074E1-C981-45EF-8125-4B1EAC1070CE}.Release|Any CPU.ActiveCfg = Release|Any CPU
		{8DE074E1-C981-45EF-8125-4B1EAC1070CE}.Release|Any CPU.Build.0 = Release|Any CPU
		{E4028BAA-B17C-4B4B-97F5-62F148B34146}.Debug|Any CPU.ActiveCfg = Debug|Any CPU
		{E4028BAA-B17C-4B4B-97F5-62F148B34146}.Debug|Any CPU.Build.0 = Debug|Any CPU
		{E4028BAA-B17C-4B4B-97F5-62F148B34146}.Release|Any CPU.ActiveCfg = Release|Any CPU
		{E4028BAA-B17C-4B4B-97F5-62F148B34146}.Release|Any CPU.Build.0 = Release|Any CPU
	EndGlobalSection
	GlobalSection(SolutionProperties) = preSolution
		HideSolutionNode = FALSE
	EndGlobalSection
	GlobalSection(ExtensibilityGlobals) = postSolution
		SolutionGuid = {34F68F17-D4AE-4D8C-92C1-885BE42F49AC}
	EndGlobalSection
EndGlobal
