
Microsoft Visual Studio Solution File, Format Version 12.00
# Visual Studio Version 17
VisualStudioVersion = 17.12.35527.113 d17.12
MinimumVisualStudioVersion = 10.0.40219.1
Project("{FAE04EC0-301F-11D3-BF4B-00C04F79EFBC}") = "LabWork", "LabWork\LabWork.csproj", "{04C6ED60-DD66-4456-A61B-77AD2668A312}"
EndProject
Global
	GlobalSection(SolutionConfigurationPlatforms) = preSolution
		Debug|Any CPU = Debug|Any CPU
		Release|Any CPU = Release|Any CPU
	EndGlobalSection
	GlobalSection(ProjectConfigurationPlatforms) = postSolution
		{04C6ED60-DD66-4456-A61B-77AD2668A312}.Debug|Any CPU.ActiveCfg = Debug|Any CPU
		{04C6ED60-DD66-4456-A61B-77AD2668A312}.Debug|Any CPU.Build.0 = Debug|Any CPU
		{04C6ED60-DD66-4456-A61B-77AD2668A312}.Release|Any CPU.ActiveCfg = Release|Any CPU
		{04C6ED60-DD66-4456-A61B-77AD2668A312}.Release|Any CPU.Build.0 = Release|Any CPU
	EndGlobalSection
	GlobalSection(SolutionProperties) = preSolution
		HideSolutionNode = FALSE
	EndGlobalSection
EndGlobal
