
Microsoft Visual Studio Solution File, Format Version 12.00
# Visual Studio Version 17
VisualStudioVersion = 17.12.35527.113 d17.12
MinimumVisualStudioVersion = 10.0.40219.1
Project("{FAE04EC0-301F-11D3-BF4B-00C04F79EFBC}") = "Task1", "..\PractWork1\Task1\Task1.csproj", "{B9211C68-26B8-4403-8FF2-078A437AEA85}"
EndProject
Project("{FAE04EC0-301F-11D3-BF4B-00C04F79EFBC}") = "Task2", "..\PractWork1\Task2\Task2.csproj", "{39131D29-DFB6-401D-AA85-80AE35E5DC98}"
EndProject
Project("{FAE04EC0-301F-11D3-BF4B-00C04F79EFBC}") = "Task3", "..\PractWork1\Task3\Task3.csproj", "{11A16928-BD8B-4C80-9B6E-E9199D51DA7F}"
EndProject
Project("{FAE04EC0-301F-11D3-BF4B-00C04F79EFBC}") = "Task4", "..\PractWork1\Task4\Task4.csproj", "{19A14427-6EEF-46C8-BE94-19FD8E354FD2}"
EndProject
Project("{FAE04EC0-301F-11D3-BF4B-00C04F79EFBC}") = "Task5", "..\PractWork1\Task5\Task5.csproj", "{F2DC6365-1AC3-452E-AE4C-0F5DC8DDD334}"
EndProject
Global
	GlobalSection(SolutionConfigurationPlatforms) = preSolution
		Debug|Any CPU = Debug|Any CPU
		Release|Any CPU = Release|Any CPU
	EndGlobalSection
	GlobalSection(ProjectConfigurationPlatforms) = postSolution
		{B9211C68-26B8-4403-8FF2-078A437AEA85}.Debug|Any CPU.ActiveCfg = Debug|Any CPU
		{B9211C68-26B8-4403-8FF2-078A437AEA85}.Debug|Any CPU.Build.0 = Debug|Any CPU
		{B9211C68-26B8-4403-8FF2-078A437AEA85}.Release|Any CPU.ActiveCfg = Release|Any CPU
		{B9211C68-26B8-4403-8FF2-078A437AEA85}.Release|Any CPU.Build.0 = Release|Any CPU
		{39131D29-DFB6-401D-AA85-80AE35E5DC98}.Debug|Any CPU.ActiveCfg = Debug|Any CPU
		{39131D29-DFB6-401D-AA85-80AE35E5DC98}.Debug|Any CPU.Build.0 = Debug|Any CPU
		{39131D29-DFB6-401D-AA85-80AE35E5DC98}.Release|Any CPU.ActiveCfg = Release|Any CPU
		{39131D29-DFB6-401D-AA85-80AE35E5DC98}.Release|Any CPU.Build.0 = Release|Any CPU
		{11A16928-BD8B-4C80-9B6E-E9199D51DA7F}.Debug|Any CPU.ActiveCfg = Debug|Any CPU
		{11A16928-BD8B-4C80-9B6E-E9199D51DA7F}.Debug|Any CPU.Build.0 = Debug|Any CPU
		{11A16928-BD8B-4C80-9B6E-E9199D51DA7F}.Release|Any CPU.ActiveCfg = Release|Any CPU
		{11A16928-BD8B-4C80-9B6E-E9199D51DA7F}.Release|Any CPU.Build.0 = Release|Any CPU
		{19A14427-6EEF-46C8-BE94-19FD8E354FD2}.Debug|Any CPU.ActiveCfg = Debug|Any CPU
		{19A14427-6EEF-46C8-BE94-19FD8E354FD2}.Debug|Any CPU.Build.0 = Debug|Any CPU
		{19A14427-6EEF-46C8-BE94-19FD8E354FD2}.Release|Any CPU.ActiveCfg = Release|Any CPU
		{19A14427-6EEF-46C8-BE94-19FD8E354FD2}.Release|Any CPU.Build.0 = Release|Any CPU
		{F2DC6365-1AC3-452E-AE4C-0F5DC8DDD334}.Debug|Any CPU.ActiveCfg = Debug|Any CPU
		{F2DC6365-1AC3-452E-AE4C-0F5DC8DDD334}.Debug|Any CPU.Build.0 = Debug|Any CPU
		{F2DC6365-1AC3-452E-AE4C-0F5DC8DDD334}.Release|Any CPU.ActiveCfg = Release|Any CPU
		{F2DC6365-1AC3-452E-AE4C-0F5DC8DDD334}.Release|Any CPU.Build.0 = Release|Any CPU
	EndGlobalSection
	GlobalSection(SolutionProperties) = preSolution
		HideSolutionNode = FALSE
	EndGlobalSection
EndGlobal
